
Microsoft Visual Studio Solution File, Format Version 12.00
# Visual Studio 15
VisualStudioVersion = 15.0.28307.438
MinimumVisualStudioVersion = 10.0.40219.1
Project("{FAE04EC0-301F-11D3-BF4B-00C04F79EFBC}") = "вариант 4 большое задание", "вариант 4 большое задание\вариант 4 большое задание.csproj", "{B073C4A5-B6D8-473E-B649-849986968ECB}"
EndProject
Global
	GlobalSection(SolutionConfigurationPlatforms) = preSolution
		Debug|Any CPU = Debug|Any CPU
		Release|Any CPU = Release|Any CPU
	EndGlobalSection
	GlobalSection(ProjectConfigurationPlatforms) = postSolution
		{B073C4A5-B6D8-473E-B649-849986968ECB}.Debug|Any CPU.ActiveCfg = Debug|Any CPU
		{B073C4A5-B6D8-473E-B649-849986968ECB}.Debug|Any CPU.Build.0 = Debug|Any CPU
		{B073C4A5-B6D8-473E-B649-849986968ECB}.Release|Any CPU.ActiveCfg = Release|Any CPU
		{B073C4A5-B6D8-473E-B649-849986968ECB}.Release|Any CPU.Build.0 = Release|Any CPU
	EndGlobalSection
	GlobalSection(SolutionProperties) = preSolution
		HideSolutionNode = FALSE
	EndGlobalSection
	GlobalSection(ExtensibilityGlobals) = postSolution
		SolutionGuid = {C2861AA8-578C-4BC2-A89E-0616EFD5B55D}
	EndGlobalSection
EndGlobal
