
Microsoft Visual Studio Solution File, Format Version 12.00
# Visual Studio Version 16
VisualStudioVersion = 16.0.29318.209
MinimumVisualStudioVersion = 10.0.40219.1
Project("{FAE04EC0-301F-11D3-BF4B-00C04F79EFBC}") = "Спиннеры олимпиадная", "Спиннеры олимпиадная\Спиннеры олимпиадная.csproj", "{EA9DE618-CDF8-47FD-9D32-6E01C9516FF3}"
EndProject
Global
	GlobalSection(SolutionConfigurationPlatforms) = preSolution
		Debug|Any CPU = Debug|Any CPU
		Release|Any CPU = Release|Any CPU
	EndGlobalSection
	GlobalSection(ProjectConfigurationPlatforms) = postSolution
		{EA9DE618-CDF8-47FD-9D32-6E01C9516FF3}.Debug|Any CPU.ActiveCfg = Debug|Any CPU
		{EA9DE618-CDF8-47FD-9D32-6E01C9516FF3}.Debug|Any CPU.Build.0 = Debug|Any CPU
		{EA9DE618-CDF8-47FD-9D32-6E01C9516FF3}.Release|Any CPU.ActiveCfg = Release|Any CPU
		{EA9DE618-CDF8-47FD-9D32-6E01C9516FF3}.Release|Any CPU.Build.0 = Release|Any CPU
	EndGlobalSection
	GlobalSection(SolutionProperties) = preSolution
		HideSolutionNode = FALSE
	EndGlobalSection
	GlobalSection(ExtensibilityGlobals) = postSolution
		SolutionGuid = {C16357A9-B2EA-4348-8178-AF0A40F33865}
	EndGlobalSection
EndGlobal
