
Microsoft Visual Studio Solution File, Format Version 12.00
# Visual Studio 15
VisualStudioVersion = 15.0.27703.2018
MinimumVisualStudioVersion = 10.0.40219.1
Project("{FAE04EC0-301F-11D3-BF4B-00C04F79EFBC}") = "ConsoleApp9", "ConsoleApp9\ConsoleApp9.csproj", "{FBFE801D-CDE3-46F5-B421-113C7F0358FE}"
EndProject
Global
	GlobalSection(SolutionConfigurationPlatforms) = preSolution
		Debug|Any CPU = Debug|Any CPU
		Release|Any CPU = Release|Any CPU
	EndGlobalSection
	GlobalSection(ProjectConfigurationPlatforms) = postSolution
		{FBFE801D-CDE3-46F5-B421-113C7F0358FE}.Debug|Any CPU.ActiveCfg = Debug|Any CPU
		{FBFE801D-CDE3-46F5-B421-113C7F0358FE}.Debug|Any CPU.Build.0 = Debug|Any CPU
		{FBFE801D-CDE3-46F5-B421-113C7F0358FE}.Release|Any CPU.ActiveCfg = Release|Any CPU
		{FBFE801D-CDE3-46F5-B421-113C7F0358FE}.Release|Any CPU.Build.0 = Release|Any CPU
	EndGlobalSection
	GlobalSection(SolutionProperties) = preSolution
		HideSolutionNode = FALSE
	EndGlobalSection
	GlobalSection(ExtensibilityGlobals) = postSolution
		SolutionGuid = {BA73A080-F955-4AD3-B340-27BD2D0A2709}
	EndGlobalSection
EndGlobal
