
Microsoft Visual Studio Solution File, Format Version 12.00
# Visual Studio 15
VisualStudioVersion = 15.0.27703.2018
MinimumVisualStudioVersion = 10.0.40219.1
Project("{FAE04EC0-301F-11D3-BF4B-00C04F79EFBC}") = "дз ном 2 по массивам", "дз ном 2 по массивам\дз ном 2 по массивам.csproj", "{8383A796-4C90-4192-AA06-B01C5B3509EF}"
EndProject
Global
	GlobalSection(SolutionConfigurationPlatforms) = preSolution
		Debug|Any CPU = Debug|Any CPU
		Release|Any CPU = Release|Any CPU
	EndGlobalSection
	GlobalSection(ProjectConfigurationPlatforms) = postSolution
		{8383A796-4C90-4192-AA06-B01C5B3509EF}.Debug|Any CPU.ActiveCfg = Debug|Any CPU
		{8383A796-4C90-4192-AA06-B01C5B3509EF}.Debug|Any CPU.Build.0 = Debug|Any CPU
		{8383A796-4C90-4192-AA06-B01C5B3509EF}.Release|Any CPU.ActiveCfg = Release|Any CPU
		{8383A796-4C90-4192-AA06-B01C5B3509EF}.Release|Any CPU.Build.0 = Release|Any CPU
	EndGlobalSection
	GlobalSection(SolutionProperties) = preSolution
		HideSolutionNode = FALSE
	EndGlobalSection
	GlobalSection(ExtensibilityGlobals) = postSolution
		SolutionGuid = {5685F241-5641-4AB5-B15A-A0B0AD1D3516}
	EndGlobalSection
EndGlobal
