
Microsoft Visual Studio Solution File, Format Version 12.00
# Visual Studio 15
VisualStudioVersion = 15.0.27703.2018
MinimumVisualStudioVersion = 10.0.40219.1
Project("{FAE04EC0-301F-11D3-BF4B-00C04F79EFBC}") = "спиннеры в кино", "спиннеры в кино\спиннеры в кино.csproj", "{E2A19A7F-3CAF-4EA5-9E88-6DF8B1B441AC}"
EndProject
Global
	GlobalSection(SolutionConfigurationPlatforms) = preSolution
		Debug|Any CPU = Debug|Any CPU
		Release|Any CPU = Release|Any CPU
	EndGlobalSection
	GlobalSection(ProjectConfigurationPlatforms) = postSolution
		{E2A19A7F-3CAF-4EA5-9E88-6DF8B1B441AC}.Debug|Any CPU.ActiveCfg = Debug|Any CPU
		{E2A19A7F-3CAF-4EA5-9E88-6DF8B1B441AC}.Debug|Any CPU.Build.0 = Debug|Any CPU
		{E2A19A7F-3CAF-4EA5-9E88-6DF8B1B441AC}.Release|Any CPU.ActiveCfg = Release|Any CPU
		{E2A19A7F-3CAF-4EA5-9E88-6DF8B1B441AC}.Release|Any CPU.Build.0 = Release|Any CPU
	EndGlobalSection
	GlobalSection(SolutionProperties) = preSolution
		HideSolutionNode = FALSE
	EndGlobalSection
	GlobalSection(ExtensibilityGlobals) = postSolution
		SolutionGuid = {D048B928-EC24-42A3-9E64-3313A973DEA8}
	EndGlobalSection
EndGlobal
