
Microsoft Visual Studio Solution File, Format Version 12.00
# Visual Studio 15
VisualStudioVersion = 15.0.27703.2018
MinimumVisualStudioVersion = 10.0.40219.1
Project("{FAE04EC0-301F-11D3-BF4B-00C04F79EFBC}") = "строки, цифры подряд", "строки, цифры подряд\строки, цифры подряд.csproj", "{20FEFCE5-D58F-4D65-B3D7-66F84C617A28}"
EndProject
Global
	GlobalSection(SolutionConfigurationPlatforms) = preSolution
		Debug|Any CPU = Debug|Any CPU
		Release|Any CPU = Release|Any CPU
	EndGlobalSection
	GlobalSection(ProjectConfigurationPlatforms) = postSolution
		{20FEFCE5-D58F-4D65-B3D7-66F84C617A28}.Debug|Any CPU.ActiveCfg = Debug|Any CPU
		{20FEFCE5-D58F-4D65-B3D7-66F84C617A28}.Debug|Any CPU.Build.0 = Debug|Any CPU
		{20FEFCE5-D58F-4D65-B3D7-66F84C617A28}.Release|Any CPU.ActiveCfg = Release|Any CPU
		{20FEFCE5-D58F-4D65-B3D7-66F84C617A28}.Release|Any CPU.Build.0 = Release|Any CPU
	EndGlobalSection
	GlobalSection(SolutionProperties) = preSolution
		HideSolutionNode = FALSE
	EndGlobalSection
	GlobalSection(ExtensibilityGlobals) = postSolution
		SolutionGuid = {AF2E16CE-CF83-46BE-A458-1ADFEAB03965}
	EndGlobalSection
EndGlobal
