
Microsoft Visual Studio Solution File, Format Version 12.00
# Visual Studio 15
VisualStudioVersion = 15.0.27703.2018
MinimumVisualStudioVersion = 10.0.40219.1
Project("{FAE04EC0-301F-11D3-BF4B-00C04F79EFBC}") = "дз номер 3 (но это не точно(ном 1)) с ступ массив", "дз номер 3 (но это не точно(ном 1)) с ступ массив\дз номер 3 (но это не точно(ном 1)) с ступ массив.csproj", "{2BEFD9C9-8038-409D-A7BF-03286F513DBD}"
EndProject
Global
	GlobalSection(SolutionConfigurationPlatforms) = preSolution
		Debug|Any CPU = Debug|Any CPU
		Release|Any CPU = Release|Any CPU
	EndGlobalSection
	GlobalSection(ProjectConfigurationPlatforms) = postSolution
		{2BEFD9C9-8038-409D-A7BF-03286F513DBD}.Debug|Any CPU.ActiveCfg = Debug|Any CPU
		{2BEFD9C9-8038-409D-A7BF-03286F513DBD}.Debug|Any CPU.Build.0 = Debug|Any CPU
		{2BEFD9C9-8038-409D-A7BF-03286F513DBD}.Release|Any CPU.ActiveCfg = Release|Any CPU
		{2BEFD9C9-8038-409D-A7BF-03286F513DBD}.Release|Any CPU.Build.0 = Release|Any CPU
	EndGlobalSection
	GlobalSection(SolutionProperties) = preSolution
		HideSolutionNode = FALSE
	EndGlobalSection
	GlobalSection(ExtensibilityGlobals) = postSolution
		SolutionGuid = {B4E76F1B-3B1F-4CED-84AC-6A4963C386F9}
	EndGlobalSection
EndGlobal
