
Microsoft Visual Studio Solution File, Format Version 12.00
# Visual Studio 15
VisualStudioVersion = 15.0.27703.2018
MinimumVisualStudioVersion = 10.0.40219.1
Project("{FAE04EC0-301F-11D3-BF4B-00C04F79EFBC}") = "дз по матрице ном 2", "дз по матрице ном 2\дз по матрице ном 2.csproj", "{49A6DF0D-770B-4E49-B3F0-434CA271C749}"
EndProject
Global
	GlobalSection(SolutionConfigurationPlatforms) = preSolution
		Debug|Any CPU = Debug|Any CPU
		Release|Any CPU = Release|Any CPU
	EndGlobalSection
	GlobalSection(ProjectConfigurationPlatforms) = postSolution
		{49A6DF0D-770B-4E49-B3F0-434CA271C749}.Debug|Any CPU.ActiveCfg = Debug|Any CPU
		{49A6DF0D-770B-4E49-B3F0-434CA271C749}.Debug|Any CPU.Build.0 = Debug|Any CPU
		{49A6DF0D-770B-4E49-B3F0-434CA271C749}.Release|Any CPU.ActiveCfg = Release|Any CPU
		{49A6DF0D-770B-4E49-B3F0-434CA271C749}.Release|Any CPU.Build.0 = Release|Any CPU
	EndGlobalSection
	GlobalSection(SolutionProperties) = preSolution
		HideSolutionNode = FALSE
	EndGlobalSection
	GlobalSection(ExtensibilityGlobals) = postSolution
		SolutionGuid = {63DA4287-3E86-49E2-B53B-63A2EBF2F2D6}
	EndGlobalSection
EndGlobal
