
Microsoft Visual Studio Solution File, Format Version 12.00
# Visual Studio 15
VisualStudioVersion = 15.0.28307.438
MinimumVisualStudioVersion = 10.0.40219.1
Project("{FAE04EC0-301F-11D3-BF4B-00C04F79EFBC}") = "свойства 3", "свойства 3\свойства 3.csproj", "{94DF8E26-2E4D-41AE-B2F7-ADA4C0560E6C}"
EndProject
Global
	GlobalSection(SolutionConfigurationPlatforms) = preSolution
		Debug|Any CPU = Debug|Any CPU
		Release|Any CPU = Release|Any CPU
	EndGlobalSection
	GlobalSection(ProjectConfigurationPlatforms) = postSolution
		{94DF8E26-2E4D-41AE-B2F7-ADA4C0560E6C}.Debug|Any CPU.ActiveCfg = Debug|Any CPU
		{94DF8E26-2E4D-41AE-B2F7-ADA4C0560E6C}.Debug|Any CPU.Build.0 = Debug|Any CPU
		{94DF8E26-2E4D-41AE-B2F7-ADA4C0560E6C}.Release|Any CPU.ActiveCfg = Release|Any CPU
		{94DF8E26-2E4D-41AE-B2F7-ADA4C0560E6C}.Release|Any CPU.Build.0 = Release|Any CPU
	EndGlobalSection
	GlobalSection(SolutionProperties) = preSolution
		HideSolutionNode = FALSE
	EndGlobalSection
	GlobalSection(ExtensibilityGlobals) = postSolution
		SolutionGuid = {51A0ED19-1998-4563-BEBB-FDD901ED16AA}
	EndGlobalSection
EndGlobal
