
Microsoft Visual Studio Solution File, Format Version 12.00
# Visual Studio Version 16
VisualStudioVersion = 16.0.29318.209
MinimumVisualStudioVersion = 10.0.40219.1
Project("{FAE04EC0-301F-11D3-BF4B-00C04F79EFBC}") = "Расписание кружка повторочка", "Расписание кружка повторочка\Расписание кружка повторочка.csproj", "{3586C3B1-7CB3-440C-A901-5D06A25E2F0F}"
EndProject
Global
	GlobalSection(SolutionConfigurationPlatforms) = preSolution
		Debug|Any CPU = Debug|Any CPU
		Release|Any CPU = Release|Any CPU
	EndGlobalSection
	GlobalSection(ProjectConfigurationPlatforms) = postSolution
		{3586C3B1-7CB3-440C-A901-5D06A25E2F0F}.Debug|Any CPU.ActiveCfg = Debug|Any CPU
		{3586C3B1-7CB3-440C-A901-5D06A25E2F0F}.Debug|Any CPU.Build.0 = Debug|Any CPU
		{3586C3B1-7CB3-440C-A901-5D06A25E2F0F}.Release|Any CPU.ActiveCfg = Release|Any CPU
		{3586C3B1-7CB3-440C-A901-5D06A25E2F0F}.Release|Any CPU.Build.0 = Release|Any CPU
	EndGlobalSection
	GlobalSection(SolutionProperties) = preSolution
		HideSolutionNode = FALSE
	EndGlobalSection
	GlobalSection(ExtensibilityGlobals) = postSolution
		SolutionGuid = {C0AE89F0-3446-4D83-852D-708AB11A6D5B}
	EndGlobalSection
EndGlobal
