
Microsoft Visual Studio Solution File, Format Version 12.00
# Visual Studio Version 16
VisualStudioVersion = 16.0.29318.209
MinimumVisualStudioVersion = 10.0.40219.1
Project("{FAE04EC0-301F-11D3-BF4B-00C04F79EFBC}") = "клад олимпиадная", "клад олимпиадная\клад олимпиадная.csproj", "{7B0829A3-B2FE-478F-BF3C-A1C3A8667D29}"
EndProject
Global
	GlobalSection(SolutionConfigurationPlatforms) = preSolution
		Debug|Any CPU = Debug|Any CPU
		Release|Any CPU = Release|Any CPU
	EndGlobalSection
	GlobalSection(ProjectConfigurationPlatforms) = postSolution
		{7B0829A3-B2FE-478F-BF3C-A1C3A8667D29}.Debug|Any CPU.ActiveCfg = Debug|Any CPU
		{7B0829A3-B2FE-478F-BF3C-A1C3A8667D29}.Debug|Any CPU.Build.0 = Debug|Any CPU
		{7B0829A3-B2FE-478F-BF3C-A1C3A8667D29}.Release|Any CPU.ActiveCfg = Release|Any CPU
		{7B0829A3-B2FE-478F-BF3C-A1C3A8667D29}.Release|Any CPU.Build.0 = Release|Any CPU
	EndGlobalSection
	GlobalSection(SolutionProperties) = preSolution
		HideSolutionNode = FALSE
	EndGlobalSection
	GlobalSection(ExtensibilityGlobals) = postSolution
		SolutionGuid = {A7A905DF-FFC3-42F6-8BEE-54E8E7F2EC91}
	EndGlobalSection
EndGlobal
