
Microsoft Visual Studio Solution File, Format Version 12.00
# Visual Studio 15
VisualStudioVersion = 15.0.27703.2018
MinimumVisualStudioVersion = 10.0.40219.1
Project("{FAE04EC0-301F-11D3-BF4B-00C04F79EFBC}") = "ConsoleApp10", "ConsoleApp10\ConsoleApp10.csproj", "{518E3799-0C30-413D-9795-4C56BE6834C2}"
EndProject
Global
	GlobalSection(SolutionConfigurationPlatforms) = preSolution
		Debug|Any CPU = Debug|Any CPU
		Release|Any CPU = Release|Any CPU
	EndGlobalSection
	GlobalSection(ProjectConfigurationPlatforms) = postSolution
		{518E3799-0C30-413D-9795-4C56BE6834C2}.Debug|Any CPU.ActiveCfg = Debug|Any CPU
		{518E3799-0C30-413D-9795-4C56BE6834C2}.Debug|Any CPU.Build.0 = Debug|Any CPU
		{518E3799-0C30-413D-9795-4C56BE6834C2}.Release|Any CPU.ActiveCfg = Release|Any CPU
		{518E3799-0C30-413D-9795-4C56BE6834C2}.Release|Any CPU.Build.0 = Release|Any CPU
	EndGlobalSection
	GlobalSection(SolutionProperties) = preSolution
		HideSolutionNode = FALSE
	EndGlobalSection
	GlobalSection(ExtensibilityGlobals) = postSolution
		SolutionGuid = {1D7287FA-E31A-48D3-907C-7AEF524D19B6}
	EndGlobalSection
EndGlobal
