
Microsoft Visual Studio Solution File, Format Version 12.00
# Visual Studio 15
VisualStudioVersion = 15.0.28307.438
MinimumVisualStudioVersion = 10.0.40219.1
Project("{FAE04EC0-301F-11D3-BF4B-00C04F79EFBC}") = "WPF bigprodject", "WPF bigprodject\WPF bigprodject.csproj", "{5E31156F-7538-442F-9F25-8458CDF4EA6B}"
EndProject
Global
	GlobalSection(SolutionConfigurationPlatforms) = preSolution
		Debug|Any CPU = Debug|Any CPU
		Release|Any CPU = Release|Any CPU
	EndGlobalSection
	GlobalSection(ProjectConfigurationPlatforms) = postSolution
		{5E31156F-7538-442F-9F25-8458CDF4EA6B}.Debug|Any CPU.ActiveCfg = Debug|Any CPU
		{5E31156F-7538-442F-9F25-8458CDF4EA6B}.Debug|Any CPU.Build.0 = Debug|Any CPU
		{5E31156F-7538-442F-9F25-8458CDF4EA6B}.Release|Any CPU.ActiveCfg = Release|Any CPU
		{5E31156F-7538-442F-9F25-8458CDF4EA6B}.Release|Any CPU.Build.0 = Release|Any CPU
	EndGlobalSection
	GlobalSection(SolutionProperties) = preSolution
		HideSolutionNode = FALSE
	EndGlobalSection
	GlobalSection(ExtensibilityGlobals) = postSolution
		SolutionGuid = {20621872-9DAD-4979-B25E-41276E2441A9}
	EndGlobalSection
EndGlobal
