
Microsoft Visual Studio Solution File, Format Version 12.00
# Visual Studio 15
VisualStudioVersion = 15.0.27703.2018
MinimumVisualStudioVersion = 10.0.40219.1
Project("{FAE04EC0-301F-11D3-BF4B-00C04F79EFBC}") = "сдвиг вправо", "сдвиг вправо\сдвиг вправо.csproj", "{89FF87A5-6243-4A7D-BBAF-3C02957BBF17}"
EndProject
Global
	GlobalSection(SolutionConfigurationPlatforms) = preSolution
		Debug|Any CPU = Debug|Any CPU
		Release|Any CPU = Release|Any CPU
	EndGlobalSection
	GlobalSection(ProjectConfigurationPlatforms) = postSolution
		{89FF87A5-6243-4A7D-BBAF-3C02957BBF17}.Debug|Any CPU.ActiveCfg = Debug|Any CPU
		{89FF87A5-6243-4A7D-BBAF-3C02957BBF17}.Debug|Any CPU.Build.0 = Debug|Any CPU
		{89FF87A5-6243-4A7D-BBAF-3C02957BBF17}.Release|Any CPU.ActiveCfg = Release|Any CPU
		{89FF87A5-6243-4A7D-BBAF-3C02957BBF17}.Release|Any CPU.Build.0 = Release|Any CPU
	EndGlobalSection
	GlobalSection(SolutionProperties) = preSolution
		HideSolutionNode = FALSE
	EndGlobalSection
	GlobalSection(ExtensibilityGlobals) = postSolution
		SolutionGuid = {44EB72AB-ED12-4E70-A2DD-F02DE17015A9}
	EndGlobalSection
EndGlobal
