
Microsoft Visual Studio Solution File, Format Version 12.00
# Visual Studio Version 16
VisualStudioVersion = 16.0.29318.209
MinimumVisualStudioVersion = 10.0.40219.1
Project("{FAE04EC0-301F-11D3-BF4B-00C04F79EFBC}") = "ConsoleApp1", "ConsoleApp1\ConsoleApp1.csproj", "{5472BB37-0DE1-4111-8B88-8DF49931C20A}"
EndProject
Global
	GlobalSection(SolutionConfigurationPlatforms) = preSolution
		Debug|Any CPU = Debug|Any CPU
		Release|Any CPU = Release|Any CPU
	EndGlobalSection
	GlobalSection(ProjectConfigurationPlatforms) = postSolution
		{5472BB37-0DE1-4111-8B88-8DF49931C20A}.Debug|Any CPU.ActiveCfg = Debug|Any CPU
		{5472BB37-0DE1-4111-8B88-8DF49931C20A}.Debug|Any CPU.Build.0 = Debug|Any CPU
		{5472BB37-0DE1-4111-8B88-8DF49931C20A}.Release|Any CPU.ActiveCfg = Release|Any CPU
		{5472BB37-0DE1-4111-8B88-8DF49931C20A}.Release|Any CPU.Build.0 = Release|Any CPU
	EndGlobalSection
	GlobalSection(SolutionProperties) = preSolution
		HideSolutionNode = FALSE
	EndGlobalSection
	GlobalSection(ExtensibilityGlobals) = postSolution
		SolutionGuid = {274DFC2F-2750-4081-8737-6486B027AD62}
	EndGlobalSection
EndGlobal
