
Microsoft Visual Studio Solution File, Format Version 12.00
# Visual Studio 15
VisualStudioVersion = 15.0.27703.2018
MinimumVisualStudioVersion = 10.0.40219.1
Project("{FAE04EC0-301F-11D3-BF4B-00C04F79EFBC}") = "Легкая задача - считалочка", "Легкая задача - считалочка\Легкая задача - считалочка.csproj", "{7A660853-A545-4019-8A83-8B31AE391782}"
EndProject
Global
	GlobalSection(SolutionConfigurationPlatforms) = preSolution
		Debug|Any CPU = Debug|Any CPU
		Release|Any CPU = Release|Any CPU
	EndGlobalSection
	GlobalSection(ProjectConfigurationPlatforms) = postSolution
		{7A660853-A545-4019-8A83-8B31AE391782}.Debug|Any CPU.ActiveCfg = Debug|Any CPU
		{7A660853-A545-4019-8A83-8B31AE391782}.Debug|Any CPU.Build.0 = Debug|Any CPU
		{7A660853-A545-4019-8A83-8B31AE391782}.Release|Any CPU.ActiveCfg = Release|Any CPU
		{7A660853-A545-4019-8A83-8B31AE391782}.Release|Any CPU.Build.0 = Release|Any CPU
	EndGlobalSection
	GlobalSection(SolutionProperties) = preSolution
		HideSolutionNode = FALSE
	EndGlobalSection
	GlobalSection(ExtensibilityGlobals) = postSolution
		SolutionGuid = {8F1A74A2-60A2-4D7B-8FEC-7F76CE5DE516}
	EndGlobalSection
EndGlobal
