
Microsoft Visual Studio Solution File, Format Version 12.00
# Visual Studio Version 16
VisualStudioVersion = 16.0.29318.209
MinimumVisualStudioVersion = 10.0.40219.1
Project("{FAE04EC0-301F-11D3-BF4B-00C04F79EFBC}") = "эксперимент с созданием папок и записыванием", "эксперимент с созданием папок и записыванием\эксперимент с созданием папок и записыванием.csproj", "{AFB44D47-946A-46A2-A2C7-27E604846E55}"
EndProject
Global
	GlobalSection(SolutionConfigurationPlatforms) = preSolution
		Debug|Any CPU = Debug|Any CPU
		Release|Any CPU = Release|Any CPU
	EndGlobalSection
	GlobalSection(ProjectConfigurationPlatforms) = postSolution
		{AFB44D47-946A-46A2-A2C7-27E604846E55}.Debug|Any CPU.ActiveCfg = Debug|Any CPU
		{AFB44D47-946A-46A2-A2C7-27E604846E55}.Debug|Any CPU.Build.0 = Debug|Any CPU
		{AFB44D47-946A-46A2-A2C7-27E604846E55}.Release|Any CPU.ActiveCfg = Release|Any CPU
		{AFB44D47-946A-46A2-A2C7-27E604846E55}.Release|Any CPU.Build.0 = Release|Any CPU
	EndGlobalSection
	GlobalSection(SolutionProperties) = preSolution
		HideSolutionNode = FALSE
	EndGlobalSection
	GlobalSection(ExtensibilityGlobals) = postSolution
		SolutionGuid = {FF04C30C-F971-43FF-B45C-66D71B68D2C2}
	EndGlobalSection
EndGlobal
