
Microsoft Visual Studio Solution File, Format Version 12.00
# Visual Studio Version 16
VisualStudioVersion = 16.0.29318.209
MinimumVisualStudioVersion = 10.0.40219.1
Project("{FAE04EC0-301F-11D3-BF4B-00C04F79EFBC}") = "Покупка олимпиадная", "Покупка олимпиадная\Покупка олимпиадная.csproj", "{739B60BD-C418-4A2B-8242-ADBAB8936350}"
EndProject
Global
	GlobalSection(SolutionConfigurationPlatforms) = preSolution
		Debug|Any CPU = Debug|Any CPU
		Release|Any CPU = Release|Any CPU
	EndGlobalSection
	GlobalSection(ProjectConfigurationPlatforms) = postSolution
		{739B60BD-C418-4A2B-8242-ADBAB8936350}.Debug|Any CPU.ActiveCfg = Debug|Any CPU
		{739B60BD-C418-4A2B-8242-ADBAB8936350}.Debug|Any CPU.Build.0 = Debug|Any CPU
		{739B60BD-C418-4A2B-8242-ADBAB8936350}.Release|Any CPU.ActiveCfg = Release|Any CPU
		{739B60BD-C418-4A2B-8242-ADBAB8936350}.Release|Any CPU.Build.0 = Release|Any CPU
	EndGlobalSection
	GlobalSection(SolutionProperties) = preSolution
		HideSolutionNode = FALSE
	EndGlobalSection
	GlobalSection(ExtensibilityGlobals) = postSolution
		SolutionGuid = {C4375EF2-0786-4A5F-9733-545CC6618212}
	EndGlobalSection
EndGlobal
