
Microsoft Visual Studio Solution File, Format Version 12.00
# Visual Studio 15
VisualStudioVersion = 15.0.27703.2018
MinimumVisualStudioVersion = 10.0.40219.1
Project("{FAE04EC0-301F-11D3-BF4B-00C04F79EFBC}") = "ConsoleApp2", "ConsoleApp2\ConsoleApp2.csproj", "{11485D36-C27B-46C1-A6D5-48AD33A23177}"
EndProject
Global
	GlobalSection(SolutionConfigurationPlatforms) = preSolution
		Debug|Any CPU = Debug|Any CPU
		Release|Any CPU = Release|Any CPU
	EndGlobalSection
	GlobalSection(ProjectConfigurationPlatforms) = postSolution
		{11485D36-C27B-46C1-A6D5-48AD33A23177}.Debug|Any CPU.ActiveCfg = Debug|Any CPU
		{11485D36-C27B-46C1-A6D5-48AD33A23177}.Debug|Any CPU.Build.0 = Debug|Any CPU
		{11485D36-C27B-46C1-A6D5-48AD33A23177}.Release|Any CPU.ActiveCfg = Release|Any CPU
		{11485D36-C27B-46C1-A6D5-48AD33A23177}.Release|Any CPU.Build.0 = Release|Any CPU
	EndGlobalSection
	GlobalSection(SolutionProperties) = preSolution
		HideSolutionNode = FALSE
	EndGlobalSection
	GlobalSection(ExtensibilityGlobals) = postSolution
		SolutionGuid = {8AE47A31-1DE6-4770-A505-CBC8B132BF79}
	EndGlobalSection
EndGlobal
