
Microsoft Visual Studio Solution File, Format Version 12.00
# Visual Studio 15
VisualStudioVersion = 15.0.28307.438
MinimumVisualStudioVersion = 10.0.40219.1
Project("{FAE04EC0-301F-11D3-BF4B-00C04F79EFBC}") = "greed is good проверка из кодварса", "greed is good проверка из кодварса\greed is good проверка из кодварса.csproj", "{E560B79A-B386-4F63-87DF-4DA139E9F302}"
EndProject
Global
	GlobalSection(SolutionConfigurationPlatforms) = preSolution
		Debug|Any CPU = Debug|Any CPU
		Release|Any CPU = Release|Any CPU
	EndGlobalSection
	GlobalSection(ProjectConfigurationPlatforms) = postSolution
		{E560B79A-B386-4F63-87DF-4DA139E9F302}.Debug|Any CPU.ActiveCfg = Debug|Any CPU
		{E560B79A-B386-4F63-87DF-4DA139E9F302}.Debug|Any CPU.Build.0 = Debug|Any CPU
		{E560B79A-B386-4F63-87DF-4DA139E9F302}.Release|Any CPU.ActiveCfg = Release|Any CPU
		{E560B79A-B386-4F63-87DF-4DA139E9F302}.Release|Any CPU.Build.0 = Release|Any CPU
	EndGlobalSection
	GlobalSection(SolutionProperties) = preSolution
		HideSolutionNode = FALSE
	EndGlobalSection
	GlobalSection(ExtensibilityGlobals) = postSolution
		SolutionGuid = {FCB267A8-EA76-4C51-8EBC-90B5ACE06CAA}
	EndGlobalSection
EndGlobal
