
Microsoft Visual Studio Solution File, Format Version 12.00
# Visual Studio 15
VisualStudioVersion = 15.0.28307.438
MinimumVisualStudioVersion = 10.0.40219.1
Project("{FAE04EC0-301F-11D3-BF4B-00C04F79EFBC}") = "wpf трена", "wpf трена\wpf трена.csproj", "{676DACFC-E10C-43D2-BCF8-B7427A374B33}"
EndProject
Global
	GlobalSection(SolutionConfigurationPlatforms) = preSolution
		Debug|Any CPU = Debug|Any CPU
		Release|Any CPU = Release|Any CPU
	EndGlobalSection
	GlobalSection(ProjectConfigurationPlatforms) = postSolution
		{676DACFC-E10C-43D2-BCF8-B7427A374B33}.Debug|Any CPU.ActiveCfg = Debug|Any CPU
		{676DACFC-E10C-43D2-BCF8-B7427A374B33}.Debug|Any CPU.Build.0 = Debug|Any CPU
		{676DACFC-E10C-43D2-BCF8-B7427A374B33}.Release|Any CPU.ActiveCfg = Release|Any CPU
		{676DACFC-E10C-43D2-BCF8-B7427A374B33}.Release|Any CPU.Build.0 = Release|Any CPU
	EndGlobalSection
	GlobalSection(SolutionProperties) = preSolution
		HideSolutionNode = FALSE
	EndGlobalSection
	GlobalSection(ExtensibilityGlobals) = postSolution
		SolutionGuid = {714392F9-9744-4F63-BB32-995DDD08765F}
	EndGlobalSection
EndGlobal
