
Microsoft Visual Studio Solution File, Format Version 12.00
# Visual Studio 15
VisualStudioVersion = 15.0.27703.2018
MinimumVisualStudioVersion = 10.0.40219.1
Project("{FAE04EC0-301F-11D3-BF4B-00C04F79EFBC}") = "еще рекурсии", "еще рекурсии\еще рекурсии.csproj", "{DA7A4DC8-A46C-4AF7-8C96-9D38A258A76D}"
EndProject
Global
	GlobalSection(SolutionConfigurationPlatforms) = preSolution
		Debug|Any CPU = Debug|Any CPU
		Release|Any CPU = Release|Any CPU
	EndGlobalSection
	GlobalSection(ProjectConfigurationPlatforms) = postSolution
		{DA7A4DC8-A46C-4AF7-8C96-9D38A258A76D}.Debug|Any CPU.ActiveCfg = Debug|Any CPU
		{DA7A4DC8-A46C-4AF7-8C96-9D38A258A76D}.Debug|Any CPU.Build.0 = Debug|Any CPU
		{DA7A4DC8-A46C-4AF7-8C96-9D38A258A76D}.Release|Any CPU.ActiveCfg = Release|Any CPU
		{DA7A4DC8-A46C-4AF7-8C96-9D38A258A76D}.Release|Any CPU.Build.0 = Release|Any CPU
	EndGlobalSection
	GlobalSection(SolutionProperties) = preSolution
		HideSolutionNode = FALSE
	EndGlobalSection
	GlobalSection(ExtensibilityGlobals) = postSolution
		SolutionGuid = {8E549516-9D0B-42A9-AADB-C7AB6EA39DF5}
	EndGlobalSection
EndGlobal
