
Microsoft Visual Studio Solution File, Format Version 12.00
# Visual Studio 15
VisualStudioVersion = 15.0.27703.2018
MinimumVisualStudioVersion = 10.0.40219.1
Project("{FAE04EC0-301F-11D3-BF4B-00C04F79EFBC}") = "ConsoleApp11", "ConsoleApp11\ConsoleApp11.csproj", "{35F3FBA0-2B0D-4002-A313-7254BE2627CC}"
EndProject
Global
	GlobalSection(SolutionConfigurationPlatforms) = preSolution
		Debug|Any CPU = Debug|Any CPU
		Release|Any CPU = Release|Any CPU
	EndGlobalSection
	GlobalSection(ProjectConfigurationPlatforms) = postSolution
		{35F3FBA0-2B0D-4002-A313-7254BE2627CC}.Debug|Any CPU.ActiveCfg = Debug|Any CPU
		{35F3FBA0-2B0D-4002-A313-7254BE2627CC}.Debug|Any CPU.Build.0 = Debug|Any CPU
		{35F3FBA0-2B0D-4002-A313-7254BE2627CC}.Release|Any CPU.ActiveCfg = Release|Any CPU
		{35F3FBA0-2B0D-4002-A313-7254BE2627CC}.Release|Any CPU.Build.0 = Release|Any CPU
	EndGlobalSection
	GlobalSection(SolutionProperties) = preSolution
		HideSolutionNode = FALSE
	EndGlobalSection
	GlobalSection(ExtensibilityGlobals) = postSolution
		SolutionGuid = {C4A793E0-969D-4279-92CA-F92F0457517B}
	EndGlobalSection
EndGlobal
