
Microsoft Visual Studio Solution File, Format Version 12.00
# Visual Studio 15
VisualStudioVersion = 15.0.28307.438
MinimumVisualStudioVersion = 10.0.40219.1
Project("{FAE04EC0-301F-11D3-BF4B-00C04F79EFBC}") = "анонимные делегаты трена", "анонимные делегаты трена\анонимные делегаты трена.csproj", "{598BC831-5F37-436A-A402-1BC6640A966C}"
EndProject
Global
	GlobalSection(SolutionConfigurationPlatforms) = preSolution
		Debug|Any CPU = Debug|Any CPU
		Release|Any CPU = Release|Any CPU
	EndGlobalSection
	GlobalSection(ProjectConfigurationPlatforms) = postSolution
		{598BC831-5F37-436A-A402-1BC6640A966C}.Debug|Any CPU.ActiveCfg = Debug|Any CPU
		{598BC831-5F37-436A-A402-1BC6640A966C}.Debug|Any CPU.Build.0 = Debug|Any CPU
		{598BC831-5F37-436A-A402-1BC6640A966C}.Release|Any CPU.ActiveCfg = Release|Any CPU
		{598BC831-5F37-436A-A402-1BC6640A966C}.Release|Any CPU.Build.0 = Release|Any CPU
	EndGlobalSection
	GlobalSection(SolutionProperties) = preSolution
		HideSolutionNode = FALSE
	EndGlobalSection
	GlobalSection(ExtensibilityGlobals) = postSolution
		SolutionGuid = {A5938AF3-F151-43FA-8245-583FF366B947}
	EndGlobalSection
EndGlobal
