
Microsoft Visual Studio Solution File, Format Version 12.00
# Visual Studio 15
VisualStudioVersion = 15.0.28307.438
MinimumVisualStudioVersion = 10.0.40219.1
Project("{FAE04EC0-301F-11D3-BF4B-00C04F79EFBC}") = "библиотека для Бабушки и КШ", "библиотека для Бабушки и КШ\библиотека для Бабушки и КШ.csproj", "{95AE1D59-DF63-4667-91CA-834F32F2DC25}"
EndProject
Global
	GlobalSection(SolutionConfigurationPlatforms) = preSolution
		Debug|Any CPU = Debug|Any CPU
		Release|Any CPU = Release|Any CPU
	EndGlobalSection
	GlobalSection(ProjectConfigurationPlatforms) = postSolution
		{95AE1D59-DF63-4667-91CA-834F32F2DC25}.Debug|Any CPU.ActiveCfg = Debug|Any CPU
		{95AE1D59-DF63-4667-91CA-834F32F2DC25}.Debug|Any CPU.Build.0 = Debug|Any CPU
		{95AE1D59-DF63-4667-91CA-834F32F2DC25}.Release|Any CPU.ActiveCfg = Release|Any CPU
		{95AE1D59-DF63-4667-91CA-834F32F2DC25}.Release|Any CPU.Build.0 = Release|Any CPU
	EndGlobalSection
	GlobalSection(SolutionProperties) = preSolution
		HideSolutionNode = FALSE
	EndGlobalSection
	GlobalSection(ExtensibilityGlobals) = postSolution
		SolutionGuid = {7F32B36C-B801-413B-8A24-EB033E071917}
	EndGlobalSection
EndGlobal
