
Microsoft Visual Studio Solution File, Format Version 12.00
# Visual Studio 15
VisualStudioVersion = 15.0.28307.438
MinimumVisualStudioVersion = 10.0.40219.1
Project("{FAE04EC0-301F-11D3-BF4B-00C04F79EFBC}") = "linqbegin44", "linqbegin44\linqbegin44.csproj", "{B75673AB-C0AC-4F12-8F1D-727E29A57804}"
EndProject
Global
	GlobalSection(SolutionConfigurationPlatforms) = preSolution
		Debug|Any CPU = Debug|Any CPU
		Release|Any CPU = Release|Any CPU
	EndGlobalSection
	GlobalSection(ProjectConfigurationPlatforms) = postSolution
		{B75673AB-C0AC-4F12-8F1D-727E29A57804}.Debug|Any CPU.ActiveCfg = Debug|Any CPU
		{B75673AB-C0AC-4F12-8F1D-727E29A57804}.Debug|Any CPU.Build.0 = Debug|Any CPU
		{B75673AB-C0AC-4F12-8F1D-727E29A57804}.Release|Any CPU.ActiveCfg = Release|Any CPU
		{B75673AB-C0AC-4F12-8F1D-727E29A57804}.Release|Any CPU.Build.0 = Release|Any CPU
	EndGlobalSection
	GlobalSection(SolutionProperties) = preSolution
		HideSolutionNode = FALSE
	EndGlobalSection
	GlobalSection(ExtensibilityGlobals) = postSolution
		SolutionGuid = {D04D67D0-46B3-4383-9D14-FD87879B3B19}
	EndGlobalSection
EndGlobal
