
Microsoft Visual Studio Solution File, Format Version 12.00
# Visual Studio 15
VisualStudioVersion = 15.0.27703.2018
MinimumVisualStudioVersion = 10.0.40219.1
Project("{FAE04EC0-301F-11D3-BF4B-00C04F79EFBC}") = "класс машина и конструктор", "класс машина и конструктор\класс машина и конструктор.csproj", "{E4791E6F-1F6A-4C53-AA2D-5EC09F0FD28F}"
EndProject
Global
	GlobalSection(SolutionConfigurationPlatforms) = preSolution
		Debug|Any CPU = Debug|Any CPU
		Release|Any CPU = Release|Any CPU
	EndGlobalSection
	GlobalSection(ProjectConfigurationPlatforms) = postSolution
		{E4791E6F-1F6A-4C53-AA2D-5EC09F0FD28F}.Debug|Any CPU.ActiveCfg = Debug|Any CPU
		{E4791E6F-1F6A-4C53-AA2D-5EC09F0FD28F}.Debug|Any CPU.Build.0 = Debug|Any CPU
		{E4791E6F-1F6A-4C53-AA2D-5EC09F0FD28F}.Release|Any CPU.ActiveCfg = Release|Any CPU
		{E4791E6F-1F6A-4C53-AA2D-5EC09F0FD28F}.Release|Any CPU.Build.0 = Release|Any CPU
	EndGlobalSection
	GlobalSection(SolutionProperties) = preSolution
		HideSolutionNode = FALSE
	EndGlobalSection
	GlobalSection(ExtensibilityGlobals) = postSolution
		SolutionGuid = {428AD3B9-1441-42BD-96B7-A7A95570308F}
	EndGlobalSection
EndGlobal
