
Microsoft Visual Studio Solution File, Format Version 12.00
# Visual Studio 15
VisualStudioVersion = 15.0.28307.438
MinimumVisualStudioVersion = 10.0.40219.1
Project("{FAE04EC0-301F-11D3-BF4B-00C04F79EFBC}") = "scramblies from codewars", "scramblies from codewars\scramblies from codewars.csproj", "{51F021F1-F583-4EF6-8B60-7C4DACAFB6EE}"
EndProject
Global
	GlobalSection(SolutionConfigurationPlatforms) = preSolution
		Debug|Any CPU = Debug|Any CPU
		Release|Any CPU = Release|Any CPU
	EndGlobalSection
	GlobalSection(ProjectConfigurationPlatforms) = postSolution
		{51F021F1-F583-4EF6-8B60-7C4DACAFB6EE}.Debug|Any CPU.ActiveCfg = Debug|Any CPU
		{51F021F1-F583-4EF6-8B60-7C4DACAFB6EE}.Debug|Any CPU.Build.0 = Debug|Any CPU
		{51F021F1-F583-4EF6-8B60-7C4DACAFB6EE}.Release|Any CPU.ActiveCfg = Release|Any CPU
		{51F021F1-F583-4EF6-8B60-7C4DACAFB6EE}.Release|Any CPU.Build.0 = Release|Any CPU
	EndGlobalSection
	GlobalSection(SolutionProperties) = preSolution
		HideSolutionNode = FALSE
	EndGlobalSection
	GlobalSection(ExtensibilityGlobals) = postSolution
		SolutionGuid = {EB5C9FE7-823A-49AC-B20E-1897CE9F341A}
	EndGlobalSection
EndGlobal
