
Microsoft Visual Studio Solution File, Format Version 12.00
# Visual Studio Version 16
VisualStudioVersion = 16.0.29318.209
MinimumVisualStudioVersion = 10.0.40219.1
Project("{FAE04EC0-301F-11D3-BF4B-00C04F79EFBC}") = "иерархия классов трена", "иерархия классов трена\иерархия классов трена.csproj", "{2D36E1F4-9461-4144-BEA6-28DA3752AEBE}"
EndProject
Global
	GlobalSection(SolutionConfigurationPlatforms) = preSolution
		Debug|Any CPU = Debug|Any CPU
		Release|Any CPU = Release|Any CPU
	EndGlobalSection
	GlobalSection(ProjectConfigurationPlatforms) = postSolution
		{2D36E1F4-9461-4144-BEA6-28DA3752AEBE}.Debug|Any CPU.ActiveCfg = Debug|Any CPU
		{2D36E1F4-9461-4144-BEA6-28DA3752AEBE}.Debug|Any CPU.Build.0 = Debug|Any CPU
		{2D36E1F4-9461-4144-BEA6-28DA3752AEBE}.Release|Any CPU.ActiveCfg = Release|Any CPU
		{2D36E1F4-9461-4144-BEA6-28DA3752AEBE}.Release|Any CPU.Build.0 = Release|Any CPU
	EndGlobalSection
	GlobalSection(SolutionProperties) = preSolution
		HideSolutionNode = FALSE
	EndGlobalSection
	GlobalSection(ExtensibilityGlobals) = postSolution
		SolutionGuid = {82498C52-DA03-448F-B031-BE0E3D665319}
	EndGlobalSection
EndGlobal
