
Microsoft Visual Studio Solution File, Format Version 12.00
# Visual Studio 15
VisualStudioVersion = 15.0.27703.2018
MinimumVisualStudioVersion = 10.0.40219.1
Project("{FAE04EC0-301F-11D3-BF4B-00C04F79EFBC}") = "дз ном 3 генератор", "дз ном 3 генератор\дз ном 3 генератор.csproj", "{DA3D0FC2-1321-4855-9A04-8EF824970A45}"
EndProject
Global
	GlobalSection(SolutionConfigurationPlatforms) = preSolution
		Debug|Any CPU = Debug|Any CPU
		Release|Any CPU = Release|Any CPU
	EndGlobalSection
	GlobalSection(ProjectConfigurationPlatforms) = postSolution
		{DA3D0FC2-1321-4855-9A04-8EF824970A45}.Debug|Any CPU.ActiveCfg = Debug|Any CPU
		{DA3D0FC2-1321-4855-9A04-8EF824970A45}.Debug|Any CPU.Build.0 = Debug|Any CPU
		{DA3D0FC2-1321-4855-9A04-8EF824970A45}.Release|Any CPU.ActiveCfg = Release|Any CPU
		{DA3D0FC2-1321-4855-9A04-8EF824970A45}.Release|Any CPU.Build.0 = Release|Any CPU
	EndGlobalSection
	GlobalSection(SolutionProperties) = preSolution
		HideSolutionNode = FALSE
	EndGlobalSection
	GlobalSection(ExtensibilityGlobals) = postSolution
		SolutionGuid = {E3EE7ADC-3116-42D5-8866-0A3DBE18ECF4}
	EndGlobalSection
EndGlobal
