
Microsoft Visual Studio Solution File, Format Version 12.00
# Visual Studio 15
VisualStudioVersion = 15.0.27703.2018
MinimumVisualStudioVersion = 10.0.40219.1
Project("{FAE04EC0-301F-11D3-BF4B-00C04F79EFBC}") = "урок рекурсии 2", "урок рекурсии 2\урок рекурсии 2.csproj", "{0975F790-6048-44D8-A87D-1B9F577F7ED0}"
EndProject
Global
	GlobalSection(SolutionConfigurationPlatforms) = preSolution
		Debug|Any CPU = Debug|Any CPU
		Release|Any CPU = Release|Any CPU
	EndGlobalSection
	GlobalSection(ProjectConfigurationPlatforms) = postSolution
		{0975F790-6048-44D8-A87D-1B9F577F7ED0}.Debug|Any CPU.ActiveCfg = Debug|Any CPU
		{0975F790-6048-44D8-A87D-1B9F577F7ED0}.Debug|Any CPU.Build.0 = Debug|Any CPU
		{0975F790-6048-44D8-A87D-1B9F577F7ED0}.Release|Any CPU.ActiveCfg = Release|Any CPU
		{0975F790-6048-44D8-A87D-1B9F577F7ED0}.Release|Any CPU.Build.0 = Release|Any CPU
	EndGlobalSection
	GlobalSection(SolutionProperties) = preSolution
		HideSolutionNode = FALSE
	EndGlobalSection
	GlobalSection(ExtensibilityGlobals) = postSolution
		SolutionGuid = {134CE352-973A-4782-A4AE-098C520752FB}
	EndGlobalSection
EndGlobal
