
Microsoft Visual Studio Solution File, Format Version 12.00
# Visual Studio 15
VisualStudioVersion = 15.0.28307.438
MinimumVisualStudioVersion = 10.0.40219.1
Project("{FAE04EC0-301F-11D3-BF4B-00C04F79EFBC}") = "рекурсия сумма повтор", "рекурсия сумма повтор\рекурсия сумма повтор.csproj", "{862E8921-DEFA-472F-8379-B5236D022699}"
EndProject
Global
	GlobalSection(SolutionConfigurationPlatforms) = preSolution
		Debug|Any CPU = Debug|Any CPU
		Release|Any CPU = Release|Any CPU
	EndGlobalSection
	GlobalSection(ProjectConfigurationPlatforms) = postSolution
		{862E8921-DEFA-472F-8379-B5236D022699}.Debug|Any CPU.ActiveCfg = Debug|Any CPU
		{862E8921-DEFA-472F-8379-B5236D022699}.Debug|Any CPU.Build.0 = Debug|Any CPU
		{862E8921-DEFA-472F-8379-B5236D022699}.Release|Any CPU.ActiveCfg = Release|Any CPU
		{862E8921-DEFA-472F-8379-B5236D022699}.Release|Any CPU.Build.0 = Release|Any CPU
	EndGlobalSection
	GlobalSection(SolutionProperties) = preSolution
		HideSolutionNode = FALSE
	EndGlobalSection
	GlobalSection(ExtensibilityGlobals) = postSolution
		SolutionGuid = {8B41CB96-46A6-4406-9EE6-45DB1F1B5789}
	EndGlobalSection
EndGlobal
