
Microsoft Visual Studio Solution File, Format Version 12.00
# Visual Studio 15
VisualStudioVersion = 15.0.27703.2018
MinimumVisualStudioVersion = 10.0.40219.1
Project("{FAE04EC0-301F-11D3-BF4B-00C04F79EFBC}") = "второе непонятное дз с выводом в стрчоке", "второе непонятное дз с выводом в стрчоке\второе непонятное дз с выводом в стрчоке.csproj", "{C3A15AC1-4350-45C7-AC71-A7ECDD29EA4B}"
EndProject
Global
	GlobalSection(SolutionConfigurationPlatforms) = preSolution
		Debug|Any CPU = Debug|Any CPU
		Release|Any CPU = Release|Any CPU
	EndGlobalSection
	GlobalSection(ProjectConfigurationPlatforms) = postSolution
		{C3A15AC1-4350-45C7-AC71-A7ECDD29EA4B}.Debug|Any CPU.ActiveCfg = Debug|Any CPU
		{C3A15AC1-4350-45C7-AC71-A7ECDD29EA4B}.Debug|Any CPU.Build.0 = Debug|Any CPU
		{C3A15AC1-4350-45C7-AC71-A7ECDD29EA4B}.Release|Any CPU.ActiveCfg = Release|Any CPU
		{C3A15AC1-4350-45C7-AC71-A7ECDD29EA4B}.Release|Any CPU.Build.0 = Release|Any CPU
	EndGlobalSection
	GlobalSection(SolutionProperties) = preSolution
		HideSolutionNode = FALSE
	EndGlobalSection
	GlobalSection(ExtensibilityGlobals) = postSolution
		SolutionGuid = {769017B6-00AB-4654-BAB2-B2288C9BAA91}
	EndGlobalSection
EndGlobal
