
Microsoft Visual Studio Solution File, Format Version 12.00
# Visual Studio 15
VisualStudioVersion = 15.0.27703.2018
MinimumVisualStudioVersion = 10.0.40219.1
Project("{FAE04EC0-301F-11D3-BF4B-00C04F79EFBC}") = "дз с циферками и звездочками ном 3", "дз с циферками и звездочками ном 3\дз с циферками и звездочками ном 3.csproj", "{A42E5C70-1BD0-49DE-BDD4-850722C3A200}"
EndProject
Global
	GlobalSection(SolutionConfigurationPlatforms) = preSolution
		Debug|Any CPU = Debug|Any CPU
		Release|Any CPU = Release|Any CPU
	EndGlobalSection
	GlobalSection(ProjectConfigurationPlatforms) = postSolution
		{A42E5C70-1BD0-49DE-BDD4-850722C3A200}.Debug|Any CPU.ActiveCfg = Debug|Any CPU
		{A42E5C70-1BD0-49DE-BDD4-850722C3A200}.Debug|Any CPU.Build.0 = Debug|Any CPU
		{A42E5C70-1BD0-49DE-BDD4-850722C3A200}.Release|Any CPU.ActiveCfg = Release|Any CPU
		{A42E5C70-1BD0-49DE-BDD4-850722C3A200}.Release|Any CPU.Build.0 = Release|Any CPU
	EndGlobalSection
	GlobalSection(SolutionProperties) = preSolution
		HideSolutionNode = FALSE
	EndGlobalSection
	GlobalSection(ExtensibilityGlobals) = postSolution
		SolutionGuid = {798F370E-E816-48A8-85FD-78B9531A20AB}
	EndGlobalSection
EndGlobal
