
Microsoft Visual Studio Solution File, Format Version 12.00
# Visual Studio Version 16
VisualStudioVersion = 16.0.29318.209
MinimumVisualStudioVersion = 10.0.40219.1
Project("{FAE04EC0-301F-11D3-BF4B-00C04F79EFBC}") = "коллекции", "коллекции\коллекции.csproj", "{A81B9D33-F33C-4E89-B0C3-A408E95ADC95}"
EndProject
Global
	GlobalSection(SolutionConfigurationPlatforms) = preSolution
		Debug|Any CPU = Debug|Any CPU
		Release|Any CPU = Release|Any CPU
	EndGlobalSection
	GlobalSection(ProjectConfigurationPlatforms) = postSolution
		{A81B9D33-F33C-4E89-B0C3-A408E95ADC95}.Debug|Any CPU.ActiveCfg = Debug|Any CPU
		{A81B9D33-F33C-4E89-B0C3-A408E95ADC95}.Debug|Any CPU.Build.0 = Debug|Any CPU
		{A81B9D33-F33C-4E89-B0C3-A408E95ADC95}.Release|Any CPU.ActiveCfg = Release|Any CPU
		{A81B9D33-F33C-4E89-B0C3-A408E95ADC95}.Release|Any CPU.Build.0 = Release|Any CPU
	EndGlobalSection
	GlobalSection(SolutionProperties) = preSolution
		HideSolutionNode = FALSE
	EndGlobalSection
	GlobalSection(ExtensibilityGlobals) = postSolution
		SolutionGuid = {C24B56C5-A0A8-4C81-94AB-9A8D11755EDA}
	EndGlobalSection
EndGlobal
