
Microsoft Visual Studio Solution File, Format Version 12.00
# Visual Studio 15
VisualStudioVersion = 15.0.28307.438
MinimumVisualStudioVersion = 10.0.40219.1
Project("{FAE04EC0-301F-11D3-BF4B-00C04F79EFBC}") = "достать числа с помощью линк дз", "достать числа с помощью линк дз\достать числа с помощью линк дз.csproj", "{9ED1AD23-4D44-4CF5-B686-B93889CADFA8}"
EndProject
Global
	GlobalSection(SolutionConfigurationPlatforms) = preSolution
		Debug|Any CPU = Debug|Any CPU
		Release|Any CPU = Release|Any CPU
	EndGlobalSection
	GlobalSection(ProjectConfigurationPlatforms) = postSolution
		{9ED1AD23-4D44-4CF5-B686-B93889CADFA8}.Debug|Any CPU.ActiveCfg = Debug|Any CPU
		{9ED1AD23-4D44-4CF5-B686-B93889CADFA8}.Debug|Any CPU.Build.0 = Debug|Any CPU
		{9ED1AD23-4D44-4CF5-B686-B93889CADFA8}.Release|Any CPU.ActiveCfg = Release|Any CPU
		{9ED1AD23-4D44-4CF5-B686-B93889CADFA8}.Release|Any CPU.Build.0 = Release|Any CPU
	EndGlobalSection
	GlobalSection(SolutionProperties) = preSolution
		HideSolutionNode = FALSE
	EndGlobalSection
	GlobalSection(ExtensibilityGlobals) = postSolution
		SolutionGuid = {8712B97C-AAFB-4862-BE2D-891F271D0039}
	EndGlobalSection
EndGlobal
