
Microsoft Visual Studio Solution File, Format Version 12.00
# Visual Studio 15
VisualStudioVersion = 15.0.28307.438
MinimumVisualStudioVersion = 10.0.40219.1
Project("{FAE04EC0-301F-11D3-BF4B-00C04F79EFBC}") = "егэ5", "егэ5\егэ5.csproj", "{8FFC2E52-09C7-4D1F-ABF9-8E19CB323DD6}"
EndProject
Global
	GlobalSection(SolutionConfigurationPlatforms) = preSolution
		Debug|Any CPU = Debug|Any CPU
		Release|Any CPU = Release|Any CPU
	EndGlobalSection
	GlobalSection(ProjectConfigurationPlatforms) = postSolution
		{8FFC2E52-09C7-4D1F-ABF9-8E19CB323DD6}.Debug|Any CPU.ActiveCfg = Debug|Any CPU
		{8FFC2E52-09C7-4D1F-ABF9-8E19CB323DD6}.Debug|Any CPU.Build.0 = Debug|Any CPU
		{8FFC2E52-09C7-4D1F-ABF9-8E19CB323DD6}.Release|Any CPU.ActiveCfg = Release|Any CPU
		{8FFC2E52-09C7-4D1F-ABF9-8E19CB323DD6}.Release|Any CPU.Build.0 = Release|Any CPU
	EndGlobalSection
	GlobalSection(SolutionProperties) = preSolution
		HideSolutionNode = FALSE
	EndGlobalSection
	GlobalSection(ExtensibilityGlobals) = postSolution
		SolutionGuid = {0CD176D3-4526-432C-8011-E0CD5CAF1863}
	EndGlobalSection
EndGlobal
