
Microsoft Visual Studio Solution File, Format Version 12.00
# Visual Studio 15
VisualStudioVersion = 15.0.28307.438
MinimumVisualStudioVersion = 10.0.40219.1
Project("{FAE04EC0-301F-11D3-BF4B-00C04F79EFBC}") = "ConsoleApp18", "ConsoleApp18\ConsoleApp18.csproj", "{F868713B-3CBB-4706-B33C-0330C843DA2E}"
EndProject
Global
	GlobalSection(SolutionConfigurationPlatforms) = preSolution
		Debug|Any CPU = Debug|Any CPU
		Release|Any CPU = Release|Any CPU
	EndGlobalSection
	GlobalSection(ProjectConfigurationPlatforms) = postSolution
		{F868713B-3CBB-4706-B33C-0330C843DA2E}.Debug|Any CPU.ActiveCfg = Debug|Any CPU
		{F868713B-3CBB-4706-B33C-0330C843DA2E}.Debug|Any CPU.Build.0 = Debug|Any CPU
		{F868713B-3CBB-4706-B33C-0330C843DA2E}.Release|Any CPU.ActiveCfg = Release|Any CPU
		{F868713B-3CBB-4706-B33C-0330C843DA2E}.Release|Any CPU.Build.0 = Release|Any CPU
	EndGlobalSection
	GlobalSection(SolutionProperties) = preSolution
		HideSolutionNode = FALSE
	EndGlobalSection
	GlobalSection(ExtensibilityGlobals) = postSolution
		SolutionGuid = {2F528B33-2B78-406F-9C3D-18E30D9CE991}
	EndGlobalSection
EndGlobal
