
Microsoft Visual Studio Solution File, Format Version 12.00
# Visual Studio Version 16
VisualStudioVersion = 16.0.29318.209
MinimumVisualStudioVersion = 10.0.40219.1
Project("{FAE04EC0-301F-11D3-BF4B-00C04F79EFBC}") = "Снова спиннеры олимпиадная", "Снова спиннеры олимпиадная\Снова спиннеры олимпиадная.csproj", "{34AE9441-5DB9-49DA-B769-D2A2AC68922B}"
EndProject
Global
	GlobalSection(SolutionConfigurationPlatforms) = preSolution
		Debug|Any CPU = Debug|Any CPU
		Release|Any CPU = Release|Any CPU
	EndGlobalSection
	GlobalSection(ProjectConfigurationPlatforms) = postSolution
		{34AE9441-5DB9-49DA-B769-D2A2AC68922B}.Debug|Any CPU.ActiveCfg = Debug|Any CPU
		{34AE9441-5DB9-49DA-B769-D2A2AC68922B}.Debug|Any CPU.Build.0 = Debug|Any CPU
		{34AE9441-5DB9-49DA-B769-D2A2AC68922B}.Release|Any CPU.ActiveCfg = Release|Any CPU
		{34AE9441-5DB9-49DA-B769-D2A2AC68922B}.Release|Any CPU.Build.0 = Release|Any CPU
	EndGlobalSection
	GlobalSection(SolutionProperties) = preSolution
		HideSolutionNode = FALSE
	EndGlobalSection
	GlobalSection(ExtensibilityGlobals) = postSolution
		SolutionGuid = {D026721B-E231-463C-A93F-B5B9479651C0}
	EndGlobalSection
EndGlobal
