
Microsoft Visual Studio Solution File, Format Version 12.00
# Visual Studio 15
VisualStudioVersion = 15.0.28307.438
MinimumVisualStudioVersion = 10.0.40219.1
Project("{FAE04EC0-301F-11D3-BF4B-00C04F79EFBC}") = "трены делегаты и события", "трены делегаты и события\трены делегаты и события.csproj", "{0C928EBF-8EA8-4527-BFBF-EE3263BE1731}"
EndProject
Global
	GlobalSection(SolutionConfigurationPlatforms) = preSolution
		Debug|Any CPU = Debug|Any CPU
		Release|Any CPU = Release|Any CPU
	EndGlobalSection
	GlobalSection(ProjectConfigurationPlatforms) = postSolution
		{0C928EBF-8EA8-4527-BFBF-EE3263BE1731}.Debug|Any CPU.ActiveCfg = Debug|Any CPU
		{0C928EBF-8EA8-4527-BFBF-EE3263BE1731}.Debug|Any CPU.Build.0 = Debug|Any CPU
		{0C928EBF-8EA8-4527-BFBF-EE3263BE1731}.Release|Any CPU.ActiveCfg = Release|Any CPU
		{0C928EBF-8EA8-4527-BFBF-EE3263BE1731}.Release|Any CPU.Build.0 = Release|Any CPU
	EndGlobalSection
	GlobalSection(SolutionProperties) = preSolution
		HideSolutionNode = FALSE
	EndGlobalSection
	GlobalSection(ExtensibilityGlobals) = postSolution
		SolutionGuid = {70761094-F364-4488-8787-DC628C0B9648}
	EndGlobalSection
EndGlobal
