
Microsoft Visual Studio Solution File, Format Version 12.00
# Visual Studio 15
VisualStudioVersion = 15.0.28307.438
MinimumVisualStudioVersion = 10.0.40219.1
Project("{FAE04EC0-301F-11D3-BF4B-00C04F79EFBC}") = "перегрузка ТуСтринг", "перегрузка ТуСтринг\перегрузка ТуСтринг.csproj", "{EBD480C0-B477-4D7A-9D18-32C8EC2F93D3}"
EndProject
Global
	GlobalSection(SolutionConfigurationPlatforms) = preSolution
		Debug|Any CPU = Debug|Any CPU
		Release|Any CPU = Release|Any CPU
	EndGlobalSection
	GlobalSection(ProjectConfigurationPlatforms) = postSolution
		{EBD480C0-B477-4D7A-9D18-32C8EC2F93D3}.Debug|Any CPU.ActiveCfg = Debug|Any CPU
		{EBD480C0-B477-4D7A-9D18-32C8EC2F93D3}.Debug|Any CPU.Build.0 = Debug|Any CPU
		{EBD480C0-B477-4D7A-9D18-32C8EC2F93D3}.Release|Any CPU.ActiveCfg = Release|Any CPU
		{EBD480C0-B477-4D7A-9D18-32C8EC2F93D3}.Release|Any CPU.Build.0 = Release|Any CPU
	EndGlobalSection
	GlobalSection(SolutionProperties) = preSolution
		HideSolutionNode = FALSE
	EndGlobalSection
	GlobalSection(ExtensibilityGlobals) = postSolution
		SolutionGuid = {FCD3C5DF-3073-45ED-9607-5B479E321DCA}
	EndGlobalSection
EndGlobal
